PODS:
  - InputKit (1.1.15)
  - JXCategoryView (1.5.8)
  - LBXPermission/Base (1.0.9)
  - LBXPermission/Camera (1.0.9)
  - LBXPermission/Photo (1.0.9)
  - LBXPermission/Reminder (1.0.9)
  - LBXScan/LBXNative (2.5.1):
    - LBXScan/Types (~> 2.2)
  - LBXScan/Types (2.5.1)
  - LBXScan/UI (2.5.1):
    - LBXScan/Types (~> 2.2)
  - Masonry (1.1.0)
  - MJRefresh (3.5.0)
  - RTRootNavigationController (0.7.2):
    - RTRootNavigationController/Core (= 0.7.2)
  - RTRootNavigationController/Core (0.7.2)
  - SVProgressHUD (2.2.5)
  - WMPageController (2.5.2)
  - YYModel (1.0.4)
  - YYText (1.0.7)

DEPENDENCIES:
  - InputKit (~> 1.1.15)
  - JXCategoryView
  - LBXPermission/Base
  - LBXPermission/Camera
  - LBXPermission/Photo
  - LBXPermission/Reminder
  - LBXScan/LBXNative
  - LBXScan/UI
  - Masonry
  - MJRefresh
  - RTRootNavigationController
  - SVProgressHUD
  - WMPageController
  - YYModel
  - YYText

SPEC REPOS:
  trunk:
    - InputKit
    - JXCategoryView
    - LBXPermission
    - LBXScan
    - Masonry
    - MJRefresh
    - RTRootNavigationController
    - SVProgressHUD
    - WMPageController
    - YYModel
    - YYText

SPEC CHECKSUMS:
  InputKit: b82938c2c684d285909cac9de150739aa4814d10
  JXCategoryView: 778a620f76070d6598fd8d7239991b8da8326170
  LBXPermission: 09656504c7f813e3fd56be47e9778a9ed932dd8e
  LBXScan: 90ca10d0c38fb4a5a6980d7782354f3f69f50093
  Masonry: 678fab65091a9290e40e2832a55e7ab731aad201
  MJRefresh: 6afc955813966afb08305477dd7a0d9ad5e79a16
  RTRootNavigationController: 8344c2352d6d40fa370d0366efae2c84a945213f
  SVProgressHUD: 1428aafac632c1f86f62aa4243ec12008d7a51d6
  WMPageController: 0c7624d2b48e4f1ab92371688cf6744ed701575d
  YYModel: 2a7fdd96aaa4b86a824e26d0c517de8928c04b30
  YYText: 5c461d709e24d55a182d1441c41dc639a18a4849

PODFILE CHECKSUM: 9a74e309367f5e84c41f0f5e0aba05295ce423e2

COCOAPODS: 1.10.0
